// !$*UTF8*$!
{
	archiveVersion = 1;
	classes = {
	};
	objectVersion = 56;
	objects = {

/* Begin PBXBuildFile section */
		2C12E6DB2A13B8CD00F2552A /* Preview Assets.xcassets in Resources */ = {isa = PBXBuildFile; fileRef = 2C12E6DA2A13B8CD00F2552A /* Preview Assets.xcassets */; };
		2C5CA2F32A18E9860028B5EB /* Style Handler.swift in Sources */ = {isa = PBXBuildFile; fileRef = 2C5CA2F22A18E9860028B5EB /* Style Handler.swift */; };
		2C5CA2F52A18EDF10028B5EB /* Permission View.swift in Sources */ = {isa = PBXBuildFile; fileRef = 2C5CA2F42A18EDF10028B5EB /* Permission View.swift */; };
		2C5CA2FA2A18FAE10028B5EB /* Standard View.swift in Sources */ = {isa = PBXBuildFile; fileRef = 2C5CA2F92A18FAE10028B5EB /* Standard View.swift */; };
		2C5CA2FC2A1901900028B5EB /* PreferenceView.swift in Sources */ = {isa = PBXBuildFile; fileRef = 2C5CA2FB2A1901900028B5EB /* PreferenceView.swift */; };
		2C8682FF2A13B90D008A6D6A /* Teleport.swift in Sources */ = {isa = PBXBuildFile; fileRef = 2C8682F82A13B90D008A6D6A /* Teleport.swift */; };
		2C8683032A13B90D008A6D6A /* Message Handler.swift in Sources */ = {isa = PBXBuildFile; fileRef = 2C8682FD2A13B90D008A6D6A /* Message Handler.swift */; };
		2C8683062A13BB55008A6D6A /* SQLite in Frameworks */ = {isa = PBXBuildFile; productRef = 2C8683052A13BB55008A6D6A /* SQLite */; };
		2CF90E122A13DC0F00FFF4B2 /* Info.plist in Resources */ = {isa = PBXBuildFile; fileRef = 2CF90E112A13DC0F00FFF4B2 /* Info.plist */; };
		2CF90E142A14520A00FFF4B2 /* Notification Handler.swift in Sources */ = {isa = PBXBuildFile; fileRef = 2CF90E132A14520A00FFF4B2 /* Notification Handler.swift */; };
		2CF90E1C2A14537E00FFF4B2 /* Preference Manager.swift in Sources */ = {isa = PBXBuildFile; fileRef = 2CF90E1B2A14537E00FFF4B2 /* Preference Manager.swift */; };
		2CFE9B932A145498002C39D3 /* Assets.xcassets in Resources */ = {isa = PBXBuildFile; fileRef = 2CFE9B922A145498002C39D3 /* Assets.xcassets */; };
		2CFE9B982A1456BC002C39D3 /* Process Manager.swift in Sources */ = {isa = PBXBuildFile; fileRef = 2CFE9B972A1456BC002C39D3 /* Process Manager.swift */; };
/* End PBXBuildFile section */

/* Begin PBXContainerItemProxy section */
		2C12E6E22A13B8CE00F2552A /* PBXContainerItemProxy */ = {
			isa = PBXContainerItemProxy;
			containerPortal = 2C12E6C82A13B8CD00F2552A /* Project object */;
			proxyType = 1;
			remoteGlobalIDString = 2C12E6CF2A13B8CD00F2552A;
			remoteInfo = TeleportLite;
		};
		2C12E6EC2A13B8CE00F2552A /* PBXContainerItemProxy */ = {
			isa = PBXContainerItemProxy;
			containerPortal = 2C12E6C82A13B8CD00F2552A /* Project object */;
			proxyType = 1;
			remoteGlobalIDString = 2C12E6CF2A13B8CD00F2552A;
			remoteInfo = TeleportLite;
		};
/* End PBXContainerItemProxy section */

/* Begin PBXFileReference section */
		2C12E6D02A13B8CD00F2552A /* Teleport.app */ = {isa = PBXFileReference; explicitFileType = wrapper.application; includeInIndex = 0; path = Teleport.app; sourceTree = BUILT_PRODUCTS_DIR; };
		2C12E6DA2A13B8CD00F2552A /* Preview Assets.xcassets */ = {isa = PBXFileReference; lastKnownFileType = folder.assetcatalog; path = "Preview Assets.xcassets"; sourceTree = "<group>"; };
		2C12E6DC2A13B8CD00F2552A /* Teleport.entitlements */ = {isa = PBXFileReference; lastKnownFileType = text.plist.entitlements; path = Teleport.entitlements; sourceTree = "<group>"; };
		2C12E6E12A13B8CE00F2552A /* TeleportTests.xctest */ = {isa = PBXFileReference; explicitFileType = wrapper.cfbundle; includeInIndex = 0; path = TeleportTests.xctest; sourceTree = BUILT_PRODUCTS_DIR; };
		2C12E6EB2A13B8CE00F2552A /* TeleportUITests.xctest */ = {isa = PBXFileReference; explicitFileType = wrapper.cfbundle; includeInIndex = 0; path = TeleportUITests.xctest; sourceTree = BUILT_PRODUCTS_DIR; };
		2C5CA2F22A18E9860028B5EB /* Style Handler.swift */ = {isa = PBXFileReference; lastKnownFileType = sourcecode.swift; path = "Style Handler.swift"; sourceTree = "<group>"; };
		2C5CA2F42A18EDF10028B5EB /* Permission View.swift */ = {isa = PBXFileReference; lastKnownFileType = sourcecode.swift; path = "Permission View.swift"; sourceTree = "<group>"; };
		2C5CA2F92A18FAE10028B5EB /* Standard View.swift */ = {isa = PBXFileReference; lastKnownFileType = sourcecode.swift; path = "Standard View.swift"; sourceTree = "<group>"; };
		2C5CA2FB2A1901900028B5EB /* PreferenceView.swift */ = {isa = PBXFileReference; lastKnownFileType = sourcecode.swift; path = PreferenceView.swift; sourceTree = "<group>"; };
		2C8682F82A13B90D008A6D6A /* Teleport.swift */ = {isa = PBXFileReference; fileEncoding = 4; lastKnownFileType = sourcecode.swift; path = Teleport.swift; sourceTree = "<group>"; };
		2C8682FD2A13B90D008A6D6A /* Message Handler.swift */ = {isa = PBXFileReference; fileEncoding = 4; lastKnownFileType = sourcecode.swift; path = "Message Handler.swift"; sourceTree = "<group>"; };
		2CF90E112A13DC0F00FFF4B2 /* Info.plist */ = {isa = PBXFileReference; fileEncoding = 4; lastKnownFileType = text.plist.xml; path = Info.plist; sourceTree = "<group>"; };
		2CF90E132A14520A00FFF4B2 /* Notification Handler.swift */ = {isa = PBXFileReference; lastKnownFileType = sourcecode.swift; path = "Notification Handler.swift"; sourceTree = "<group>"; };
		2CF90E1B2A14537E00FFF4B2 /* Preference Manager.swift */ = {isa = PBXFileReference; lastKnownFileType = sourcecode.swift; path = "Preference Manager.swift"; sourceTree = "<group>"; };
		2CFE9B922A145498002C39D3 /* Assets.xcassets */ = {isa = PBXFileReference; lastKnownFileType = folder.assetcatalog; path = Assets.xcassets; sourceTree = "<group>"; };
		2CFE9B972A1456BC002C39D3 /* Process Manager.swift */ = {isa = PBXFileReference; lastKnownFileType = sourcecode.swift; path = "Process Manager.swift"; sourceTree = "<group>"; };
/* End PBXFileReference section */

/* Begin PBXFrameworksBuildPhase section */
		2C12E6CD2A13B8CD00F2552A /* Frameworks */ = {
			isa = PBXFrameworksBuildPhase;
			buildActionMask = 2147483647;
			files = (
				2C8683062A13BB55008A6D6A /* SQLite in Frameworks */,
			);
			runOnlyForDeploymentPostprocessing = 0;
		};
		2C12E6DE2A13B8CE00F2552A /* Frameworks */ = {
			isa = PBXFrameworksBuildPhase;
			buildActionMask = 2147483647;
			files = (
			);
			runOnlyForDeploymentPostprocessing = 0;
		};
		2C12E6E82A13B8CE00F2552A /* Frameworks */ = {
			isa = PBXFrameworksBuildPhase;
			buildActionMask = 2147483647;
			files = (
			);
			runOnlyForDeploymentPostprocessing = 0;
		};
/* End PBXFrameworksBuildPhase section */

/* Begin PBXGroup section */
		2C12E6C72A13B8CD00F2552A = {
			isa = PBXGroup;
			children = (
				2C12E6D22A13B8CD00F2552A /* Teleport */,
				2C12E6D12A13B8CD00F2552A /* Products */,
			);
			sourceTree = "<group>";
		};
		2C12E6D12A13B8CD00F2552A /* Products */ = {
			isa = PBXGroup;
			children = (
				2C12E6D02A13B8CD00F2552A /* Teleport.app */,
				2C12E6E12A13B8CE00F2552A /* TeleportTests.xctest */,
				2C12E6EB2A13B8CE00F2552A /* TeleportUITests.xctest */,
			);
			name = Products;
			sourceTree = "<group>";
		};
		2C12E6D22A13B8CD00F2552A /* Teleport */ = {
			isa = PBXGroup;
			children = (
				2C8682F82A13B90D008A6D6A /* Teleport.swift */,
				2C5CA2F62A18F2060028B5EB /* Handlers */,
				2C5CA2F72A18F2290028B5EB /* Views */,
				2CF90E112A13DC0F00FFF4B2 /* Info.plist */,
				2CFE9B922A145498002C39D3 /* Assets.xcassets */,
				2C12E6DC2A13B8CD00F2552A /* Teleport.entitlements */,
				2C12E6D92A13B8CD00F2552A /* Preview Content */,
			);
			path = Teleport;
			sourceTree = "<group>";
		};
		2C12E6D92A13B8CD00F2552A /* Preview Content */ = {
			isa = PBXGroup;
			children = (
				2C12E6DA2A13B8CD00F2552A /* Preview Assets.xcassets */,
			);
			path = "Preview Content";
			sourceTree = "<group>";
		};
		2C5CA2F62A18F2060028B5EB /* Handlers */ = {
			isa = PBXGroup;
			children = (
				2C8682FD2A13B90D008A6D6A /* Message Handler.swift */,
				2CF90E132A14520A00FFF4B2 /* Notification Handler.swift */,
				2CF90E1B2A14537E00FFF4B2 /* Preference Manager.swift */,
				2CFE9B972A1456BC002C39D3 /* Process Manager.swift */,
				2C5CA2F22A18E9860028B5EB /* Style Handler.swift */,
			);
			path = Handlers;
			sourceTree = "<group>";
		};
		2C5CA2F72A18F2290028B5EB /* Views */ = {
			isa = PBXGroup;
			children = (
				2C5CA2F42A18EDF10028B5EB /* Permission View.swift */,
				2C5CA2FB2A1901900028B5EB /* PreferenceView.swift */,
				2C5CA2F92A18FAE10028B5EB /* Standard View.swift */,
			);
			path = Views;
			sourceTree = "<group>";
		};
/* End PBXGroup section */

/* Begin PBXNativeTarget section */
		2C12E6CF2A13B8CD00F2552A /* Teleport */ = {
			isa = PBXNativeTarget;
			buildConfigurationList = 2C12E6F52A13B8CE00F2552A /* Build configuration list for PBXNativeTarget "Teleport" */;
			buildPhases = (
				2CE748EA2A18773700977AF3 /* ShellScript */,
				2C12E6CC2A13B8CD00F2552A /* Sources */,
				2C12E6CD2A13B8CD00F2552A /* Frameworks */,
				2C12E6CE2A13B8CD00F2552A /* Resources */,
			);
			buildRules = (
			);
			dependencies = (
			);
			name = Teleport;
			packageProductDependencies = (
				2C8683052A13BB55008A6D6A /* SQLite */,
			);
			productName = TeleportLite;
			productReference = 2C12E6D02A13B8CD00F2552A /* Teleport.app */;
			productType = "com.apple.product-type.application";
		};
		2C12E6E02A13B8CE00F2552A /* TeleportTests */ = {
			isa = PBXNativeTarget;
			buildConfigurationList = 2C12E6F82A13B8CE00F2552A /* Build configuration list for PBXNativeTarget "TeleportTests" */;
			buildPhases = (
				2C12E6DD2A13B8CE00F2552A /* Sources */,
				2C12E6DE2A13B8CE00F2552A /* Frameworks */,
				2C12E6DF2A13B8CE00F2552A /* Resources */,
			);
			buildRules = (
			);
			dependencies = (
				2C12E6E32A13B8CE00F2552A /* PBXTargetDependency */,
			);
			name = TeleportTests;
			productName = TeleportLiteTests;
			productReference = 2C12E6E12A13B8CE00F2552A /* TeleportTests.xctest */;
			productType = "com.apple.product-type.bundle.unit-test";
		};
		2C12E6EA2A13B8CE00F2552A /* TeleportUITests */ = {
			isa = PBXNativeTarget;
			buildConfigurationList = 2C12E6FB2A13B8CE00F2552A /* Build configuration list for PBXNativeTarget "TeleportUITests" */;
			buildPhases = (
				2C12E6E72A13B8CE00F2552A /* Sources */,
				2C12E6E82A13B8CE00F2552A /* Frameworks */,
				2C12E6E92A13B8CE00F2552A /* Resources */,
			);
			buildRules = (
			);
			dependencies = (
				2C12E6ED2A13B8CE00F2552A /* PBXTargetDependency */,
			);
			name = TeleportUITests;
			productName = TeleportLiteUITests;
			productReference = 2C12E6EB2A13B8CE00F2552A /* TeleportUITests.xctest */;
			productType = "com.apple.product-type.bundle.ui-testing";
		};
/* End PBXNativeTarget section */

/* Begin PBXProject section */
		2C12E6C82A13B8CD00F2552A /* Project object */ = {
			isa = PBXProject;
			attributes = {
				BuildIndependentTargetsInParallel = 1;
				LastSwiftUpdateCheck = 1430;
				LastUpgradeCheck = 1430;
				TargetAttributes = {
					2C12E6CF2A13B8CD00F2552A = {
						CreatedOnToolsVersion = 14.3;
					};
					2C12E6E02A13B8CE00F2552A = {
						CreatedOnToolsVersion = 14.3;
						TestTargetID = 2C12E6CF2A13B8CD00F2552A;
					};
					2C12E6EA2A13B8CE00F2552A = {
						CreatedOnToolsVersion = 14.3;
						TestTargetID = 2C12E6CF2A13B8CD00F2552A;
					};
				};
			};
			buildConfigurationList = 2C12E6CB2A13B8CD00F2552A /* Build configuration list for PBXProject "Teleport" */;
			compatibilityVersion = "Xcode 14.0";
			developmentRegion = en;
			hasScannedForEncodings = 0;
			knownRegions = (
				en,
				Base,
			);
			mainGroup = 2C12E6C72A13B8CD00F2552A;
			packageReferences = (
				2C8683042A13BB55008A6D6A /* XCRemoteSwiftPackageReference "SQLite" */,
			);
			productRefGroup = 2C12E6D12A13B8CD00F2552A /* Products */;
			projectDirPath = "";
			projectRoot = "";
			targets = (
				2C12E6CF2A13B8CD00F2552A /* Teleport */,
				2C12E6E02A13B8CE00F2552A /* TeleportTests */,
				2C12E6EA2A13B8CE00F2552A /* TeleportUITests */,
			);
		};
/* End PBXProject section */

/* Begin PBXResourcesBuildPhase section */
		2C12E6CE2A13B8CD00F2552A /* Resources */ = {
			isa = PBXResourcesBuildPhase;
			buildActionMask = 2147483647;
			files = (
				2CF90E122A13DC0F00FFF4B2 /* Info.plist in Resources */,
				2CFE9B932A145498002C39D3 /* Assets.xcassets in Resources */,
				2C12E6DB2A13B8CD00F2552A /* Preview Assets.xcassets in Resources */,
			);
			runOnlyForDeploymentPostprocessing = 0;
		};
		2C12E6DF2A13B8CE00F2552A /* Resources */ = {
			isa = PBXResourcesBuildPhase;
			buildActionMask = 2147483647;
			files = (
			);
			runOnlyForDeploymentPostprocessing = 0;
		};
		2C12E6E92A13B8CE00F2552A /* Resources */ = {
			isa = PBXResourcesBuildPhase;
			buildActionMask = 2147483647;
			files = (
			);
			runOnlyForDeploymentPostprocessing = 0;
		};
/* End PBXResourcesBuildPhase section */

/* Begin PBXShellScriptBuildPhase section */
		2CE748EA2A18773700977AF3 /* ShellScript */ = {
			isa = PBXShellScriptBuildPhase;
			alwaysOutOfDate = 1;
			buildActionMask = 2147483647;
			files = (
			);
			inputFileListPaths = (
			);
			inputPaths = (
			);
			outputFileListPaths = (
			);
			outputPaths = (
			);
			runOnlyForDeploymentPostprocessing = 0;
			shellPath = /bin/sh;
			shellScript = "if [[ \"$(uname -m)\" == arm64 ]]; then\n    export PATH=\"/opt/homebrew/bin:$PATH\"\nfi\n\nif which swiftlint > /dev/null; then\n  swiftlint\nelse\n  echo \"warning: SwiftLint not installed, download from https://github.com/realm/SwiftLint\"\nfi\n";
			showEnvVarsInLog = 0;
		};
/* End PBXShellScriptBuildPhase section */

/* Begin PBXSourcesBuildPhase section */
		2C12E6CC2A13B8CD00F2552A /* Sources */ = {
			isa = PBXSourcesBuildPhase;
			buildActionMask = 2147483647;
			files = (
				2C5CA2F32A18E9860028B5EB /* Style Handler.swift in Sources */,
				2C5CA2FA2A18FAE10028B5EB /* Standard View.swift in Sources */,
				2C8683032A13B90D008A6D6A /* Message Handler.swift in Sources */,
				2CF90E1C2A14537E00FFF4B2 /* Preference Manager.swift in Sources */,
				2CF90E142A14520A00FFF4B2 /* Notification Handler.swift in Sources */,
				2CFE9B982A1456BC002C39D3 /* Process Manager.swift in Sources */,
				2C5CA2FC2A1901900028B5EB /* PreferenceView.swift in Sources */,
				2C8682FF2A13B90D008A6D6A /* Teleport.swift in Sources */,
				2C5CA2F52A18EDF10028B5EB /* Permission View.swift in Sources */,
			);
			runOnlyForDeploymentPostprocessing = 0;
		};
		2C12E6DD2A13B8CE00F2552A /* Sources */ = {
			isa = PBXSourcesBuildPhase;
			buildActionMask = 2147483647;
			files = (
			);
			runOnlyForDeploymentPostprocessing = 0;
		};
		2C12E6E72A13B8CE00F2552A /* Sources */ = {
			isa = PBXSourcesBuildPhase;
			buildActionMask = 2147483647;
			files = (
			);
			runOnlyForDeploymentPostprocessing = 0;
		};
/* End PBXSourcesBuildPhase section */

/* Begin PBXTargetDependency section */
		2C12E6E32A13B8CE00F2552A /* PBXTargetDependency */ = {
			isa = PBXTargetDependency;
			target = 2C12E6CF2A13B8CD00F2552A /* Teleport */;
			targetProxy = 2C12E6E22A13B8CE00F2552A /* PBXContainerItemProxy */;
		};
		2C12E6ED2A13B8CE00F2552A /* PBXTargetDependency */ = {
			isa = PBXTargetDependency;
			target = 2C12E6CF2A13B8CD00F2552A /* Teleport */;
			targetProxy = 2C12E6EC2A13B8CE00F2552A /* PBXContainerItemProxy */;
		};
/* End PBXTargetDependency section */

/* Begin XCBuildConfiguration section */
		2C12E6F32A13B8CE00F2552A /* Debug */ = {
			isa = XCBuildConfiguration;
			buildSettings = {
				ALWAYS_SEARCH_USER_PATHS = NO;
				CLANG_ANALYZER_NONNULL = YES;
				CLANG_ANALYZER_NUMBER_OBJECT_CONVERSION = YES_AGGRESSIVE;
				CLANG_CXX_LANGUAGE_STANDARD = "gnu++20";
				CLANG_ENABLE_MODULES = YES;
				CLANG_ENABLE_OBJC_ARC = YES;
				CLANG_ENABLE_OBJC_WEAK = YES;
				CLANG_WARN_BLOCK_CAPTURE_AUTORELEASING = YES;
				CLANG_WARN_BOOL_CONVERSION = YES;
				CLANG_WARN_COMMA = YES;
				CLANG_WARN_CONSTANT_CONVERSION = YES;
				CLANG_WARN_DEPRECATED_OBJC_IMPLEMENTATIONS = YES;
				CLANG_WARN_DIRECT_OBJC_ISA_USAGE = YES_ERROR;
				CLANG_WARN_DOCUMENTATION_COMMENTS = YES;
				CLANG_WARN_EMPTY_BODY = YES;
				CLANG_WARN_ENUM_CONVERSION = YES;
				CLANG_WARN_INFINITE_RECURSION = YES;
				CLANG_WARN_INT_CONVERSION = YES;
				CLANG_WARN_NON_LITERAL_NULL_CONVERSION = YES;
				CLANG_WARN_OBJC_IMPLICIT_RETAIN_SELF = YES;
				CLANG_WARN_OBJC_LITERAL_CONVERSION = YES;
				CLANG_WARN_OBJC_ROOT_CLASS = YES_ERROR;
				CLANG_WARN_QUOTED_INCLUDE_IN_FRAMEWORK_HEADER = YES;
				CLANG_WARN_RANGE_LOOP_ANALYSIS = YES;
				CLANG_WARN_STRICT_PROTOTYPES = YES;
				CLANG_WARN_SUSPICIOUS_MOVE = YES;
				CLANG_WARN_UNGUARDED_AVAILABILITY = YES_AGGRESSIVE;
				CLANG_WARN_UNREACHABLE_CODE = YES;
				CLANG_WARN__DUPLICATE_METHOD_MATCH = YES;
				COPY_PHASE_STRIP = NO;
				DEBUG_INFORMATION_FORMAT = dwarf;
				ENABLE_STRICT_OBJC_MSGSEND = YES;
				ENABLE_TESTABILITY = YES;
				GCC_C_LANGUAGE_STANDARD = gnu11;
				GCC_DYNAMIC_NO_PIC = NO;
				GCC_NO_COMMON_BLOCKS = YES;
				GCC_OPTIMIZATION_LEVEL = 0;
				GCC_PREPROCESSOR_DEFINITIONS = (
					"DEBUG=1",
					"$(inherited)",
				);
				GCC_WARN_64_TO_32_BIT_CONVERSION = YES;
				GCC_WARN_ABOUT_RETURN_TYPE = YES_ERROR;
				GCC_WARN_UNDECLARED_SELECTOR = YES;
				GCC_WARN_UNINITIALIZED_AUTOS = YES_AGGRESSIVE;
				GCC_WARN_UNUSED_FUNCTION = YES;
				GCC_WARN_UNUSED_VARIABLE = YES;
				MACOSX_DEPLOYMENT_TARGET = 13.3;
				MTL_ENABLE_DEBUG_INFO = INCLUDE_SOURCE;
				MTL_FAST_MATH = YES;
				ONLY_ACTIVE_ARCH = YES;
				SDKROOT = macosx;
				SWIFT_ACTIVE_COMPILATION_CONDITIONS = DEBUG;
				SWIFT_OPTIMIZATION_LEVEL = "-Onone";
			};
			name = Debug;
		};
		2C12E6F42A13B8CE00F2552A /* Release */ = {
			isa = XCBuildConfiguration;
			buildSettings = {
				ALWAYS_SEARCH_USER_PATHS = NO;
				CLANG_ANALYZER_NONNULL = YES;
				CLANG_ANALYZER_NUMBER_OBJECT_CONVERSION = YES_AGGRESSIVE;
				CLANG_CXX_LANGUAGE_STANDARD = "gnu++20";
				CLANG_ENABLE_MODULES = YES;
				CLANG_ENABLE_OBJC_ARC = YES;
				CLANG_ENABLE_OBJC_WEAK = YES;
				CLANG_WARN_BLOCK_CAPTURE_AUTORELEASING = YES;
				CLANG_WARN_BOOL_CONVERSION = YES;
				CLANG_WARN_COMMA = YES;
				CLANG_WARN_CONSTANT_CONVERSION = YES;
				CLANG_WARN_DEPRECATED_OBJC_IMPLEMENTATIONS = YES;
				CLANG_WARN_DIRECT_OBJC_ISA_USAGE = YES_ERROR;
				CLANG_WARN_DOCUMENTATION_COMMENTS = YES;
				CLANG_WARN_EMPTY_BODY = YES;
				CLANG_WARN_ENUM_CONVERSION = YES;
				CLANG_WARN_INFINITE_RECURSION = YES;
				CLANG_WARN_INT_CONVERSION = YES;
				CLANG_WARN_NON_LITERAL_NULL_CONVERSION = YES;
				CLANG_WARN_OBJC_IMPLICIT_RETAIN_SELF = YES;
				CLANG_WARN_OBJC_LITERAL_CONVERSION = YES;
				CLANG_WARN_OBJC_ROOT_CLASS = YES_ERROR;
				CLANG_WARN_QUOTED_INCLUDE_IN_FRAMEWORK_HEADER = YES;
				CLANG_WARN_RANGE_LOOP_ANALYSIS = YES;
				CLANG_WARN_STRICT_PROTOTYPES = YES;
				CLANG_WARN_SUSPICIOUS_MOVE = YES;
				CLANG_WARN_UNGUARDED_AVAILABILITY = YES_AGGRESSIVE;
				CLANG_WARN_UNREACHABLE_CODE = YES;
				CLANG_WARN__DUPLICATE_METHOD_MATCH = YES;
				COPY_PHASE_STRIP = NO;
				DEBUG_INFORMATION_FORMAT = "dwarf-with-dsym";
				ENABLE_NS_ASSERTIONS = NO;
				ENABLE_STRICT_OBJC_MSGSEND = YES;
				GCC_C_LANGUAGE_STANDARD = gnu11;
				GCC_NO_COMMON_BLOCKS = YES;
				GCC_WARN_64_TO_32_BIT_CONVERSION = YES;
				GCC_WARN_ABOUT_RETURN_TYPE = YES_ERROR;
				GCC_WARN_UNDECLARED_SELECTOR = YES;
				GCC_WARN_UNINITIALIZED_AUTOS = YES_AGGRESSIVE;
				GCC_WARN_UNUSED_FUNCTION = YES;
				GCC_WARN_UNUSED_VARIABLE = YES;
				MACOSX_DEPLOYMENT_TARGET = 13.3;
				MTL_ENABLE_DEBUG_INFO = NO;
				MTL_FAST_MATH = YES;
				SDKROOT = macosx;
				SWIFT_COMPILATION_MODE = wholemodule;
				SWIFT_OPTIMIZATION_LEVEL = "-O";
			};
			name = Release;
		};
		2C12E6F62A13B8CE00F2552A /* Debug */ = {
			isa = XCBuildConfiguration;
			buildSettings = {
				ASSETCATALOG_COMPILER_APPICON_NAME = AppIcon;
				ASSETCATALOG_COMPILER_GLOBAL_ACCENT_COLOR_NAME = AccentColor;
				CODE_SIGN_ENTITLEMENTS = Teleport/Teleport.entitlements;
				"CODE_SIGN_IDENTITY[sdk=macosx*]" = "Apple Development";
				CODE_SIGN_STYLE = Automatic;
				COMBINE_HIDPI_IMAGES = YES;
				CURRENT_PROJECT_VERSION = 1;
				DEVELOPMENT_ASSET_PATHS = "\"Teleport/Preview Content\"";
				DEVELOPMENT_TEAM = 5XRAT3Q58Z;
				ENABLE_HARDENED_RUNTIME = YES;
				ENABLE_PREVIEWS = YES;
				GENERATE_INFOPLIST_FILE = YES;
				INFOPLIST_KEY_NSHumanReadableCopyright = "";
				LD_RUNPATH_SEARCH_PATHS = (
					"$(inherited)",
					"@executable_path/../Frameworks",
				);
				MARKETING_VERSION = 1.0;
				PRODUCT_BUNDLE_IDENTIFIER = com.maximlevey.Teleport;
				PRODUCT_NAME = "$(TARGET_NAME)";
				SWIFT_EMIT_LOC_STRINGS = YES;
				SWIFT_VERSION = 5.0;
			};
			name = Debug;
		};
		2C12E6F72A13B8CE00F2552A /* Release */ = {
			isa = XCBuildConfiguration;
			buildSettings = {
				ASSETCATALOG_COMPILER_APPICON_NAME = AppIcon;
				ASSETCATALOG_COMPILER_GLOBAL_ACCENT_COLOR_NAME = AccentColor;
				CODE_SIGN_ENTITLEMENTS = Teleport/Teleport.entitlements;
				"CODE_SIGN_IDENTITY[sdk=macosx*]" = "Apple Development";
				CODE_SIGN_STYLE = Automatic;
				COMBINE_HIDPI_IMAGES = YES;
				CURRENT_PROJECT_VERSION = 1;
				DEVELOPMENT_ASSET_PATHS = "\"Teleport/Preview Content\"";
				DEVELOPMENT_TEAM = 5XRAT3Q58Z;
				ENABLE_HARDENED_RUNTIME = YES;
				ENABLE_PREVIEWS = YES;
				GENERATE_INFOPLIST_FILE = YES;
				INFOPLIST_KEY_NSHumanReadableCopyright = "";
				LD_RUNPATH_SEARCH_PATHS = (
					"$(inherited)",
					"@executable_path/../Frameworks",
				);
				MARKETING_VERSION = 1.0;
				PRODUCT_BUNDLE_IDENTIFIER = com.maximlevey.Teleport;
				PRODUCT_NAME = "$(TARGET_NAME)";
				SWIFT_EMIT_LOC_STRINGS = YES;
				SWIFT_VERSION = 5.0;
			};
			name = Release;
		};
		2C12E6F92A13B8CE00F2552A /* Debug */ = {
			isa = XCBuildConfiguration;
			buildSettings = {
				ALWAYS_EMBED_SWIFT_STANDARD_LIBRARIES = YES;
				BUNDLE_LOADER = "$(TEST_HOST)";
				CODE_SIGN_STYLE = Automatic;
				CURRENT_PROJECT_VERSION = 1;
				DEVELOPMENT_TEAM = 5XRAT3Q58Z;
				GENERATE_INFOPLIST_FILE = YES;
				MACOSX_DEPLOYMENT_TARGET = 13.3;
				MARKETING_VERSION = 1.0;
				PRODUCT_BUNDLE_IDENTIFIER = com.maximlevey.TeleportTests;
				PRODUCT_NAME = "$(TARGET_NAME)";
				SWIFT_EMIT_LOC_STRINGS = NO;
				SWIFT_VERSION = 5.0;
				TEST_HOST = "$(BUILT_PRODUCTS_DIR)/Teleport.app/$(BUNDLE_EXECUTABLE_FOLDER_PATH)/Teleport";
			};
			name = Debug;
		};
		2C12E6FA2A13B8CE00F2552A /* Release */ = {
			isa = XCBuildConfiguration;
			buildSettings = {
				ALWAYS_EMBED_SWIFT_STANDARD_LIBRARIES = YES;
				BUNDLE_LOADER = "$(TEST_HOST)";
				CODE_SIGN_STYLE = Automatic;
				CURRENT_PROJECT_VERSION = 1;
				DEVELOPMENT_TEAM = 5XRAT3Q58Z;
				GENERATE_INFOPLIST_FILE = YES;
				MACOSX_DEPLOYMENT_TARGET = 13.3;
				MARKETING_VERSION = 1.0;
				PRODUCT_BUNDLE_IDENTIFIER = com.maximlevey.TeleportTests;
				PRODUCT_NAME = "$(TARGET_NAME)";
				SWIFT_EMIT_LOC_STRINGS = NO;
				SWIFT_VERSION = 5.0;
				TEST_HOST = "$(BUILT_PRODUCTS_DIR)/Teleport.app/$(BUNDLE_EXECUTABLE_FOLDER_PATH)/Teleport";
			};
			name = Release;
		};
		2C12E6FC2A13B8CE00F2552A /* Debug */ = {
			isa = XCBuildConfiguration;
			buildSettings = {
				ALWAYS_EMBED_SWIFT_STANDARD_LIBRARIES = YES;
				CODE_SIGN_STYLE = Automatic;
				CURRENT_PROJECT_VERSION = 1;
				DEVELOPMENT_TEAM = 5XRAT3Q58Z;
				GENERATE_INFOPLIST_FILE = YES;
				MARKETING_VERSION = 1.0;
				PRODUCT_BUNDLE_IDENTIFIER = com.maximlevey.TeleportUITests;
				PRODUCT_NAME = "$(TARGET_NAME)";
				SWIFT_EMIT_LOC_STRINGS = NO;
				SWIFT_VERSION = 5.0;
				TEST_TARGET_NAME = TeleportLite;
			};
			name = Debug;
		};
		2C12E6FD2A13B8CE00F2552A /* Release */ = {
			isa = XCBuildConfiguration;
			buildSettings = {
				ALWAYS_EMBED_SWIFT_STANDARD_LIBRARIES = YES;
				CODE_SIGN_STYLE = Automatic;
				CURRENT_PROJECT_VERSION = 1;
				DEVELOPMENT_TEAM = 5XRAT3Q58Z;
				GENERATE_INFOPLIST_FILE = YES;
				MARKETING_VERSION = 1.0;
				PRODUCT_BUNDLE_IDENTIFIER = com.maximlevey.TeleportUITests;
				PRODUCT_NAME = "$(TARGET_NAME)";
				SWIFT_EMIT_LOC_STRINGS = NO;
				SWIFT_VERSION = 5.0;
				TEST_TARGET_NAME = TeleportLite;
			};
			name = Release;
		};
/* End XCBuildConfiguration section */

/* Begin XCConfigurationList section */
		2C12E6CB2A13B8CD00F2552A /* Build configuration list for PBXProject "Teleport" */ = {
			isa = XCConfigurationList;
			buildConfigurations = (
				2C12E6F32A13B8CE00F2552A /* Debug */,
				2C12E6F42A13B8CE00F2552A /* Release */,
			);
			defaultConfigurationIsVisible = 0;
			defaultConfigurationName = Release;
		};
		2C12E6F52A13B8CE00F2552A /* Build configuration list for PBXNativeTarget "Teleport" */ = {
			isa = XCConfigurationList;
			buildConfigurations = (
				2C12E6F62A13B8CE00F2552A /* Debug */,
				2C12E6F72A13B8CE00F2552A /* Release */,
			);
			defaultConfigurationIsVisible = 0;
			defaultConfigurationName = Release;
		};
		2C12E6F82A13B8CE00F2552A /* Build configuration list for PBXNativeTarget "TeleportTests" */ = {
			isa = XCConfigurationList;
			buildConfigurations = (
				2C12E6F92A13B8CE00F2552A /* Debug */,
				2C12E6FA2A13B8CE00F2552A /* Release */,
			);
			defaultConfigurationIsVisible = 0;
			defaultConfigurationName = Release;
		};
		2C12E6FB2A13B8CE00F2552A /* Build configuration list for PBXNativeTarget "TeleportUITests" */ = {
			isa = XCConfigurationList;
			buildConfigurations = (
				2C12E6FC2A13B8CE00F2552A /* Debug */,
				2C12E6FD2A13B8CE00F2552A /* Release */,
			);
			defaultConfigurationIsVisible = 0;
			defaultConfigurationName = Release;
		};
/* End XCConfigurationList section */

/* Begin XCRemoteSwiftPackageReference section */
		2C8683042A13BB55008A6D6A /* XCRemoteSwiftPackageReference "SQLite" */ = {
			isa = XCRemoteSwiftPackageReference;
			repositoryURL = "https://github.com/stephencelis/SQLite.swift";
			requirement = {
				kind = upToNextMajorVersion;
				minimumVersion = 0.14.1;
			};
		};
/* End XCRemoteSwiftPackageReference section */

/* Begin XCSwiftPackageProductDependency section */
		2C8683052A13BB55008A6D6A /* SQLite */ = {
			isa = XCSwiftPackageProductDependency;
			package = 2C8683042A13BB55008A6D6A /* XCRemoteSwiftPackageReference "SQLite" */;
			productName = SQLite;
		};
/* End XCSwiftPackageProductDependency section */
	};
	rootObject = 2C12E6C82A13B8CD00F2552A /* Project object */;
}
